PODS:
  - Charts (2.3.1):
    - Charts/Core (= 2.3.1)
  - Charts/Core (2.3.1)
  - DownPicker (0.1.34)
  - Firebase/Core (4.0.0):
    - FirebaseAnalytics (= 4.0.0)
    - FirebaseCore (= 4.0.0)
  - FirebaseAnalytics (4.0.0):
    - FirebaseCore (~> 4.0)
    - FirebaseInstanceID (~> 2.0)
    - GoogleToolboxForMac/NSData+zlib (~> 2.1)
  - FirebaseCore (4.0.0):
    - GoogleToolboxForMac/NSData+zlib (~> 2.1)
  - FirebaseInstanceID (2.0.0):
    - FirebaseCore (~> 4.0)
  - GoogleToolboxForMac/Defines (2.1.1)
  - GoogleToolboxForMac/NSData+zlib (2.1.1):
    - GoogleToolboxForMac/Defines (= 2.1.1)
  - KIF (3.4.1):
    - KIF/Core (= 3.4.1)
  - KIF/Core (3.4.1)
  - KIF/IdentifierTests (3.4.1):
    - KIF/Core
  - SVProgressHUD (1.1.3)
  - SwiftSVG (1.1.5)

DEPENDENCIES:
  - Charts (= 2.3.1)
  - DownPicker
  - Firebase/Core
  - KIF (~> 3.0)
  - KIF/IdentifierTests
  - SVProgressHUD
  - SwiftSVG

SPEC CHECKSUMS:
  Charts: f04119c743c6996ba67fb8016d3a4878a38ca13f
  DownPicker: c00ea63f08ae82116cc93d0eba74e86bf3d4c68e
  Firebase: 284eea779b73fdff309791817da7c68bff8dd572
  FirebaseAnalytics: 6f08e746f7d66f5452931bc2e822b5df9c66b64a
  FirebaseCore: 85ad466044c2f013cdb167f85d426d15b128114a
  FirebaseInstanceID: 9fbf536668f4d3f0880e7438456dabd1376e294b
  GoogleToolboxForMac: 8e329f1b599f2512c6b10676d45736bcc2cbbeb0
  KIF: 2275c6d59c77e5e56f660f006b99d73780130540
  SVProgressHUD: 748080e4f36e603f6c02aec292664239df5279c1
  SwiftSVG: 79d3c15af0899d05bffc927e902e0d0738326511

PODFILE CHECKSUM: 9c04fa8921ab6457c0d913853dafc080578efd5f

COCOAPODS: 1.2.1
