PODS:
  - Charts (2.2.3):
    - Charts/Core (= 2.2.3)
  - Charts/Core (2.2.3)
  - DownPicker (0.1.34)
  - KIF (3.4.1):
    - KIF/Core (= 3.4.1)
  - KIF/Core (3.4.1)
  - KIF/IdentifierTests (3.4.1):
    - KIF/Core
  - SVProgressHUD (1.1.3)

DEPENDENCIES:
  - Charts
  - DownPicker
  - KIF (~> 3.0)
  - KIF/IdentifierTests
  - SVProgressHUD

SPEC CHECKSUMS:
  Charts: f54267bb3f0f0e74520c6f248517cf5074dfd6fc
  DownPicker: c00ea63f08ae82116cc93d0eba74e86bf3d4c68e
  KIF: 2275c6d59c77e5e56f660f006b99d73780130540
  SVProgressHUD: 748080e4f36e603f6c02aec292664239df5279c1

PODFILE CHECKSUM: 78ca3a31a6f618e7576d8fc61b9210fd0e80869f

COCOAPODS: 1.0.1
